
Microsoft Visual Studio Solution File, Format Version 12.00
# Visual Studio 15
VisualStudioVersion = 15.0.28010.2016
MinimumVisualStudioVersion = 10.0.40219.1
Project("{FAE04EC0-301F-11D3-BF4B-00C04F79EFBC}") = "RetrieveApp.Android", "RetrieveApp\RetrieveApp.Android\RetrieveApp.Android.csproj", "{221FBC80-0780-4412-BEDC-5F5DED8E1968}"
EndProject
Project("{FAE04EC0-301F-11D3-BF4B-00C04F79EFBC}") = "RetrieveApp.iOS", "RetrieveApp\RetrieveApp.iOS\RetrieveApp.iOS.csproj", "{98FF49BB-B378-43AB-A781-FBE5722294DE}"
EndProject
Project("{9A19103F-16F7-4668-BE54-9A1E7A4F7556}") = "RetrieveApp", "RetrieveApp\RetrieveApp\RetrieveApp.csproj", "{8C51A74A-2DBB-41B2-8DD2-B6AD64A2A468}"
EndProject
Project("{FAE04EC0-301F-11D3-BF4B-00C04F79EFBC}") = "JsonWebService", "JsonWebService\JsonWebService.csproj", "{BC571B24-1C0D-4975-AB0E-EB9D4A23356A}"
EndProject
Global
	GlobalSection(SolutionConfigurationPlatforms) = preSolution
		Ad-Hoc|Any CPU = Ad-Hoc|Any CPU
		Ad-Hoc|iPhone = Ad-Hoc|iPhone
		Ad-Hoc|iPhoneSimulator = Ad-Hoc|iPhoneSimulator
		AppStore|Any CPU = AppStore|Any CPU
		AppStore|iPhone = AppStore|iPhone
		AppStore|iPhoneSimulator = AppStore|iPhoneSimulator
		Debug|Any CPU = Debug|Any CPU
		Debug|iPhone = Debug|iPhone
		Debug|iPhoneSimulator = Debug|iPhoneSimulator
		Release|Any CPU = Release|Any CPU
		Release|iPhone = Release|iPhone
		Release|iPhoneSimulator = Release|iPhoneSimulator
	EndGlobalSection
	GlobalSection(ProjectConfigurationPlatforms) = postSolution
		{221FBC80-0780-4412-BEDC-5F5DED8E1968}.Ad-Hoc|Any CPU.ActiveCfg = Release|Any CPU
		{221FBC80-0780-4412-BEDC-5F5DED8E1968}.Ad-Hoc|Any CPU.Build.0 = Release|Any CPU
		{221FBC80-0780-4412-BEDC-5F5DED8E1968}.Ad-Hoc|Any CPU.Deploy.0 = Release|Any CPU
		{221FBC80-0780-4412-BEDC-5F5DED8E1968}.Ad-Hoc|iPhone.ActiveCfg = Release|Any CPU
		{221FBC80-0780-4412-BEDC-5F5DED8E1968}.Ad-Hoc|iPhone.Build.0 = Release|Any CPU
		{221FBC80-0780-4412-BEDC-5F5DED8E1968}.Ad-Hoc|iPhone.Deploy.0 = Release|Any CPU
		{221FBC80-0780-4412-BEDC-5F5DED8E1968}.Ad-Hoc|iPhoneSimulator.ActiveCfg = Release|Any CPU
		{221FBC80-0780-4412-BEDC-5F5DED8E1968}.Ad-Hoc|iPhoneSimulator.Build.0 = Release|Any CPU
		{221FBC80-0780-4412-BEDC-5F5DED8E1968}.Ad-Hoc|iPhoneSimulator.Deploy.0 = Release|Any CPU
		{221FBC80-0780-4412-BEDC-5F5DED8E1968}.AppStore|Any CPU.ActiveCfg = Release|Any CPU
		{221FBC80-0780-4412-BEDC-5F5DED8E1968}.AppStore|Any CPU.Build.0 = Release|Any CPU
		{221FBC80-0780-4412-BEDC-5F5DED8E1968}.AppStore|Any CPU.Deploy.0 = Release|Any CPU
		{221FBC80-0780-4412-BEDC-5F5DED8E1968}.AppStore|iPhone.ActiveCfg = Release|Any CPU
		{221FBC80-0780-4412-BEDC-5F5DED8E1968}.AppStore|iPhone.Build.0 = Release|Any CPU
		{221FBC80-0780-4412-BEDC-5F5DED8E1968}.AppStore|iPhone.Deploy.0 = Release|Any CPU
		{221FBC80-0780-4412-BEDC-5F5DED8E1968}.AppStore|iPhoneSimulator.ActiveCfg = Release|Any CPU
		{221FBC80-0780-4412-BEDC-5F5DED8E1968}.AppStore|iPhoneSimulator.Build.0 = Release|Any CPU
		{221FBC80-0780-4412-BEDC-5F5DED8E1968}.AppStore|iPhoneSimulator.Deploy.0 = Release|Any CPU
		{221FBC80-0780-4412-BEDC-5F5DED8E1968}.Debug|Any CPU.ActiveCfg = Debug|Any CPU
		{221FBC80-0780-4412-BEDC-5F5DED8E1968}.Debug|Any CPU.Build.0 = Debug|Any CPU
		{221FBC80-0780-4412-BEDC-5F5DED8E1968}.Debug|Any CPU.Deploy.0 = Debug|Any CPU
		{221FBC80-0780-4412-BEDC-5F5DED8E1968}.Debug|iPhone.ActiveCfg = Debug|Any CPU
		{221FBC80-0780-4412-BEDC-5F5DED8E1968}.Debug|iPhone.Build.0 = Debug|Any CPU
		{221FBC80-0780-4412-BEDC-5F5DED8E1968}.Debug|iPhone.Deploy.0 = Debug|Any CPU
		{221FBC80-0780-4412-BEDC-5F5DED8E1968}.Debug|iPhoneSimulator.ActiveCfg = Debug|Any CPU
		{221FBC80-0780-4412-BEDC-5F5DED8E1968}.Debug|iPhoneSimulator.Build.0 = Debug|Any CPU
		{221FBC80-0780-4412-BEDC-5F5DED8E1968}.Debug|iPhoneSimulator.Deploy.0 = Debug|Any CPU
		{221FBC80-0780-4412-BEDC-5F5DED8E1968}.Release|Any CPU.ActiveCfg = Release|Any CPU
		{221FBC80-0780-4412-BEDC-5F5DED8E1968}.Release|Any CPU.Build.0 = Release|Any CPU
		{221FBC80-0780-4412-BEDC-5F5DED8E1968}.Release|Any CPU.Deploy.0 = Release|Any CPU
		{221FBC80-0780-4412-BEDC-5F5DED8E1968}.Release|iPhone.ActiveCfg = Release|Any CPU
		{221FBC80-0780-4412-BEDC-5F5DED8E1968}.Release|iPhone.Build.0 = Release|Any CPU
		{221FBC80-0780-4412-BEDC-5F5DED8E1968}.Release|iPhone.Deploy.0 = Release|Any CPU
		{221FBC80-0780-4412-BEDC-5F5DED8E1968}.Release|iPhoneSimulator.ActiveCfg = Release|Any CPU
		{221FBC80-0780-4412-BEDC-5F5DED8E1968}.Release|iPhoneSimulator.Build.0 = Release|Any CPU
		{221FBC80-0780-4412-BEDC-5F5DED8E1968}.Release|iPhoneSimulator.Deploy.0 = Release|Any CPU
		{98FF49BB-B378-43AB-A781-FBE5722294DE}.Ad-Hoc|Any CPU.ActiveCfg = Ad-Hoc|iPhone
		{98FF49BB-B378-43AB-A781-FBE5722294DE}.Ad-Hoc|Any CPU.Build.0 = Ad-Hoc|iPhone
		{98FF49BB-B378-43AB-A781-FBE5722294DE}.Ad-Hoc|Any CPU.Deploy.0 = Ad-Hoc|iPhone
		{98FF49BB-B378-43AB-A781-FBE5722294DE}.Ad-Hoc|iPhone.ActiveCfg = Ad-Hoc|iPhone
		{98FF49BB-B378-43AB-A781-FBE5722294DE}.Ad-Hoc|iPhone.Build.0 = Ad-Hoc|iPhone
		{98FF49BB-B378-43AB-A781-FBE5722294DE}.Ad-Hoc|iPhone.Deploy.0 = Ad-Hoc|iPhone
		{98FF49BB-B378-43AB-A781-FBE5722294DE}.Ad-Hoc|iPhoneSimulator.ActiveCfg = Ad-Hoc|iPhoneSimulator
		{98FF49BB-B378-43AB-A781-FBE5722294DE}.Ad-Hoc|iPhoneSimulator.Build.0 = Ad-Hoc|iPhoneSimulator
		{98FF49BB-B378-43AB-A781-FBE5722294DE}.Ad-Hoc|iPhoneSimulator.Deploy.0 = Ad-Hoc|iPhoneSimulator
		{98FF49BB-B378-43AB-A781-FBE5722294DE}.AppStore|Any CPU.ActiveCfg = AppStore|iPhone
		{98FF49BB-B378-43AB-A781-FBE5722294DE}.AppStore|Any CPU.Build.0 = AppStore|iPhone
		{98FF49BB-B378-43AB-A781-FBE5722294DE}.AppStore|Any CPU.Deploy.0 = AppStore|iPhone
		{98FF49BB-B378-43AB-A781-FBE5722294DE}.AppStore|iPhone.ActiveCfg = AppStore|iPhone
		{98FF49BB-B378-43AB-A781-FBE5722294DE}.AppStore|iPhone.Build.0 = AppStore|iPhone
		{98FF49BB-B378-43AB-A781-FBE5722294DE}.AppStore|iPhone.Deploy.0 = AppStore|iPhone
		{98FF49BB-B378-43AB-A781-FBE5722294DE}.AppStore|iPhoneSimulator.ActiveCfg = AppStore|iPhoneSimulator
		{98FF49BB-B378-43AB-A781-FBE5722294DE}.AppStore|iPhoneSimulator.Build.0 = AppStore|iPhoneSimulator
		{98FF49BB-B378-43AB-A781-FBE5722294DE}.AppStore|iPhoneSimulator.Deploy.0 = AppStore|iPhoneSimulator
		{98FF49BB-B378-43AB-A781-FBE5722294DE}.Debug|Any CPU.ActiveCfg = Debug|iPhoneSimulator
		{98FF49BB-B378-43AB-A781-FBE5722294DE}.Debug|Any CPU.Build.0 = Debug|iPhoneSimulator
		{98FF49BB-B378-43AB-A781-FBE5722294DE}.Debug|Any CPU.Deploy.0 = Debug|iPhoneSimulator
		{98FF49BB-B378-43AB-A781-FBE5722294DE}.Debug|iPhone.ActiveCfg = Debug|iPhone
		{98FF49BB-B378-43AB-A781-FBE5722294DE}.Debug|iPhone.Build.0 = Debug|iPhone
		{98FF49BB-B378-43AB-A781-FBE5722294DE}.Debug|iPhone.Deploy.0 = Debug|iPhone
		{98FF49BB-B378-43AB-A781-FBE5722294DE}.Debug|iPhoneSimulator.ActiveCfg = Debug|iPhoneSimulator
		{98FF49BB-B378-43AB-A781-FBE5722294DE}.Debug|iPhoneSimulator.Build.0 = Debug|iPhoneSimulator
		{98FF49BB-B378-43AB-A781-FBE5722294DE}.Debug|iPhoneSimulator.Deploy.0 = Debug|iPhoneSimulator
		{98FF49BB-B378-43AB-A781-FBE5722294DE}.Release|Any CPU.ActiveCfg = Release|iPhone
		{98FF49BB-B378-43AB-A781-FBE5722294DE}.Release|Any CPU.Build.0 = Release|iPhone
		{98FF49BB-B378-43AB-A781-FBE5722294DE}.Release|Any CPU.Deploy.0 = Release|iPhone
		{98FF49BB-B378-43AB-A781-FBE5722294DE}.Release|iPhone.ActiveCfg = Release|iPhone
		{98FF49BB-B378-43AB-A781-FBE5722294DE}.Release|iPhone.Build.0 = Release|iPhone
		{98FF49BB-B378-43AB-A781-FBE5722294DE}.Release|iPhone.Deploy.0 = Release|iPhone
		{98FF49BB-B378-43AB-A781-FBE5722294DE}.Release|iPhoneSimulator.ActiveCfg = Release|iPhoneSimulator
		{98FF49BB-B378-43AB-A781-FBE5722294DE}.Release|iPhoneSimulator.Build.0 = Release|iPhoneSimulator
		{98FF49BB-B378-43AB-A781-FBE5722294DE}.Release|iPhoneSimulator.Deploy.0 = Release|iPhoneSimulator
		{8C51A74A-2DBB-41B2-8DD2-B6AD64A2A468}.Ad-Hoc|Any CPU.ActiveCfg = Debug|Any CPU
		{8C51A74A-2DBB-41B2-8DD2-B6AD64A2A468}.Ad-Hoc|Any CPU.Build.0 = Debug|Any CPU
		{8C51A74A-2DBB-41B2-8DD2-B6AD64A2A468}.Ad-Hoc|Any CPU.Deploy.0 = Debug|Any CPU
		{8C51A74A-2DBB-41B2-8DD2-B6AD64A2A468}.Ad-Hoc|iPhone.ActiveCfg = Debug|Any CPU
		{8C51A74A-2DBB-41B2-8DD2-B6AD64A2A468}.Ad-Hoc|iPhone.Build.0 = Debug|Any CPU
		{8C51A74A-2DBB-41B2-8DD2-B6AD64A2A468}.Ad-Hoc|iPhone.Deploy.0 = Debug|Any CPU
		{8C51A74A-2DBB-41B2-8DD2-B6AD64A2A468}.Ad-Hoc|iPhoneSimulator.ActiveCfg = Debug|Any CPU
		{8C51A74A-2DBB-41B2-8DD2-B6AD64A2A468}.Ad-Hoc|iPhoneSimulator.Build.0 = Debug|Any CPU
		{8C51A74A-2DBB-41B2-8DD2-B6AD64A2A468}.Ad-Hoc|iPhoneSimulator.Deploy.0 = Debug|Any CPU
		{8C51A74A-2DBB-41B2-8DD2-B6AD64A2A468}.AppStore|Any CPU.ActiveCfg = Debug|Any CPU
		{8C51A74A-2DBB-41B2-8DD2-B6AD64A2A468}.AppStore|Any CPU.Build.0 = Debug|Any CPU
		{8C51A74A-2DBB-41B2-8DD2-B6AD64A2A468}.AppStore|Any CPU.Deploy.0 = Debug|Any CPU
		{8C51A74A-2DBB-41B2-8DD2-B6AD64A2A468}.AppStore|iPhone.ActiveCfg = Debug|Any CPU
		{8C51A74A-2DBB-41B2-8DD2-B6AD64A2A468}.AppStore|iPhone.Build.0 = Debug|Any CPU
		{8C51A74A-2DBB-41B2-8DD2-B6AD64A2A468}.AppStore|iPhone.Deploy.0 = Debug|Any CPU
		{8C51A74A-2DBB-41B2-8DD2-B6AD64A2A468}.AppStore|iPhoneSimulator.ActiveCfg = Debug|Any CPU
		{8C51A74A-2DBB-41B2-8DD2-B6AD64A2A468}.AppStore|iPhoneSimulator.Build.0 = Debug|Any CPU
		{8C51A74A-2DBB-41B2-8DD2-B6AD64A2A468}.AppStore|iPhoneSimulator.Deploy.0 = Debug|Any CPU
		{8C51A74A-2DBB-41B2-8DD2-B6AD64A2A468}.Debug|Any CPU.ActiveCfg = Debug|Any CPU
		{8C51A74A-2DBB-41B2-8DD2-B6AD64A2A468}.Debug|Any CPU.Build.0 = Debug|Any CPU
		{8C51A74A-2DBB-41B2-8DD2-B6AD64A2A468}.Debug|Any CPU.Deploy.0 = Debug|Any CPU
		{8C51A74A-2DBB-41B2-8DD2-B6AD64A2A468}.Debug|iPhone.ActiveCfg = Debug|Any CPU
		{8C51A74A-2DBB-41B2-8DD2-B6AD64A2A468}.Debug|iPhone.Build.0 = Debug|Any CPU
		{8C51A74A-2DBB-41B2-8DD2-B6AD64A2A468}.Debug|iPhone.Deploy.0 = Debug|Any CPU
		{8C51A74A-2DBB-41B2-8DD2-B6AD64A2A468}.Debug|iPhoneSimulator.ActiveCfg = Debug|Any CPU
		{8C51A74A-2DBB-41B2-8DD2-B6AD64A2A468}.Debug|iPhoneSimulator.Build.0 = Debug|Any CPU
		{8C51A74A-2DBB-41B2-8DD2-B6AD64A2A468}.Debug|iPhoneSimulator.Deploy.0 = Debug|Any CPU
		{8C51A74A-2DBB-41B2-8DD2-B6AD64A2A468}.Release|Any CPU.ActiveCfg = Release|Any CPU
		{8C51A74A-2DBB-41B2-8DD2-B6AD64A2A468}.Release|Any CPU.Build.0 = Release|Any CPU
		{8C51A74A-2DBB-41B2-8DD2-B6AD64A2A468}.Release|Any CPU.Deploy.0 = Release|Any CPU
		{8C51A74A-2DBB-41B2-8DD2-B6AD64A2A468}.Release|iPhone.ActiveCfg = Release|Any CPU
		{8C51A74A-2DBB-41B2-8DD2-B6AD64A2A468}.Release|iPhone.Build.0 = Release|Any CPU
		{8C51A74A-2DBB-41B2-8DD2-B6AD64A2A468}.Release|iPhone.Deploy.0 = Release|Any CPU
		{8C51A74A-2DBB-41B2-8DD2-B6AD64A2A468}.Release|iPhoneSimulator.ActiveCfg = Release|Any CPU
		{8C51A74A-2DBB-41B2-8DD2-B6AD64A2A468}.Release|iPhoneSimulator.Build.0 = Release|Any CPU
		{8C51A74A-2DBB-41B2-8DD2-B6AD64A2A468}.Release|iPhoneSimulator.Deploy.0 = Release|Any CPU
		{BC571B24-1C0D-4975-AB0E-EB9D4A23356A}.Ad-Hoc|Any CPU.ActiveCfg = Release|Any CPU
		{BC571B24-1C0D-4975-AB0E-EB9D4A23356A}.Ad-Hoc|Any CPU.Build.0 = Release|Any CPU
		{BC571B24-1C0D-4975-AB0E-EB9D4A23356A}.Ad-Hoc|iPhone.ActiveCfg = Release|Any CPU
		{BC571B24-1C0D-4975-AB0E-EB9D4A23356A}.Ad-Hoc|iPhone.Build.0 = Release|Any CPU
		{BC571B24-1C0D-4975-AB0E-EB9D4A23356A}.Ad-Hoc|iPhoneSimulator.ActiveCfg = Release|Any CPU
		{BC571B24-1C0D-4975-AB0E-EB9D4A23356A}.Ad-Hoc|iPhoneSimulator.Build.0 = Release|Any CPU
		{BC571B24-1C0D-4975-AB0E-EB9D4A23356A}.AppStore|Any CPU.ActiveCfg = Release|Any CPU
		{BC571B24-1C0D-4975-AB0E-EB9D4A23356A}.AppStore|Any CPU.Build.0 = Release|Any CPU
		{BC571B24-1C0D-4975-AB0E-EB9D4A23356A}.AppStore|iPhone.ActiveCfg = Release|Any CPU
		{BC571B24-1C0D-4975-AB0E-EB9D4A23356A}.AppStore|iPhone.Build.0 = Release|Any CPU
		{BC571B24-1C0D-4975-AB0E-EB9D4A23356A}.AppStore|iPhoneSimulator.ActiveCfg = Release|Any CPU
		{BC571B24-1C0D-4975-AB0E-EB9D4A23356A}.AppStore|iPhoneSimulator.Build.0 = Release|Any CPU
		{BC571B24-1C0D-4975-AB0E-EB9D4A23356A}.Debug|Any CPU.ActiveCfg = Debug|Any CPU
		{BC571B24-1C0D-4975-AB0E-EB9D4A23356A}.Debug|Any CPU.Build.0 = Debug|Any CPU
		{BC571B24-1C0D-4975-AB0E-EB9D4A23356A}.Debug|iPhone.ActiveCfg = Debug|Any CPU
		{BC571B24-1C0D-4975-AB0E-EB9D4A23356A}.Debug|iPhone.Build.0 = Debug|Any CPU
		{BC571B24-1C0D-4975-AB0E-EB9D4A23356A}.Debug|iPhoneSimulator.ActiveCfg = Debug|Any CPU
		{BC571B24-1C0D-4975-AB0E-EB9D4A23356A}.Debug|iPhoneSimulator.Build.0 = Debug|Any CPU
		{BC571B24-1C0D-4975-AB0E-EB9D4A23356A}.Release|Any CPU.ActiveCfg = Release|Any CPU
		{BC571B24-1C0D-4975-AB0E-EB9D4A23356A}.Release|Any CPU.Build.0 = Release|Any CPU
		{BC571B24-1C0D-4975-AB0E-EB9D4A23356A}.Release|iPhone.ActiveCfg = Release|Any CPU
		{BC571B24-1C0D-4975-AB0E-EB9D4A23356A}.Release|iPhone.Build.0 = Release|Any CPU
		{BC571B24-1C0D-4975-AB0E-EB9D4A23356A}.Release|iPhoneSimulator.ActiveCfg = Release|Any CPU
		{BC571B24-1C0D-4975-AB0E-EB9D4A23356A}.Release|iPhoneSimulator.Build.0 = Release|Any CPU
	EndGlobalSection
	GlobalSection(SolutionProperties) = preSolution
		HideSolutionNode = FALSE
	EndGlobalSection
	GlobalSection(ExtensibilityGlobals) = postSolution
		SolutionGuid = {BC395E28-D707-4978-A4B2-6E7F92577E4C}
	EndGlobalSection
EndGlobal
